// !$*UTF8*$!
{
	archiveVersion = 1;
	classes = {
	};
	objectVersion = 46;
	objects = {

/* Begin PBXBuildFile section */
		6A0FD62E19D19D4600D12306 /* GoalCell.swift in Sources */ = {isa = PBXBuildFile; fileRef = 6A0FD62D19D19D4600D12306 /* GoalCell.swift */; };
		6A2DF0AC19D1CEAD004DC681 /* Goal.swift in Sources */ = {isa = PBXBuildFile; fileRef = 6A2DF0AB19D1CEAD004DC681 /* Goal.swift */; };
		6A2DF0B019D1FBB0004DC681 /* GoalListViewController.swift in Sources */ = {isa = PBXBuildFile; fileRef = 6A2DF0AF19D1FBB0004DC681 /* GoalListViewController.swift */; };
		6A5185849D0241B4B29F9610 /* libPods.a in Frameworks */ = {isa = PBXBuildFile; fileRef = 2F9CB928256D41DE9AE1646F /* libPods.a */; };
		6A70520619CC6E7E00C3B778 /* AppDelegate.swift in Sources */ = {isa = PBXBuildFile; fileRef = 6A70520519CC6E7E00C3B778 /* AppDelegate.swift */; };
		6A70520B19CC6E7E00C3B778 /* Main.storyboard in Resources */ = {isa = PBXBuildFile; fileRef = 6A70520919CC6E7E00C3B778 /* Main.storyboard */; };
		6A70520D19CC6E7E00C3B778 /* Images.xcassets in Resources */ = {isa = PBXBuildFile; fileRef = 6A70520C19CC6E7E00C3B778 /* Images.xcassets */; };
		6A70521019CC6E7E00C3B778 /* LaunchScreen.xib in Resources */ = {isa = PBXBuildFile; fileRef = 6A70520E19CC6E7E00C3B778 /* LaunchScreen.xib */; };
		6A70521C19CC6E7E00C3B778 /* TallyUpTests.swift in Sources */ = {isa = PBXBuildFile; fileRef = 6A70521B19CC6E7E00C3B778 /* TallyUpTests.swift */; };
/* End PBXBuildFile section */

/* Begin PBXContainerItemProxy section */
		6A70521619CC6E7E00C3B778 /* PBXContainerItemProxy */ = {
			isa = PBXContainerItemProxy;
			containerPortal = 6A7051F819CC6E7E00C3B778 /* Project object */;
			proxyType = 1;
			remoteGlobalIDString = 6A7051FF19CC6E7E00C3B778;
			remoteInfo = TallyUp;
		};
/* End PBXContainerItemProxy section */

/* Begin PBXFileReference section */
		2F9CB928256D41DE9AE1646F /* libPods.a */ = {isa = PBXFileReference; explicitFileType = archive.ar; includeInIndex = 0; path = libPods.a; sourceTree = BUILT_PRODUCTS_DIR; };
		6A0FD62D19D19D4600D12306 /* GoalCell.swift */ = {isa = PBXFileReference; fileEncoding = 4; lastKnownFileType = sourcecode.swift; path = GoalCell.swift; sourceTree = "<group>"; };
		6A2DF0AA19D1CE1F004DC681 /* TallyUpBridingHeader.h */ = {isa = PBXFileReference; lastKnownFileType = sourcecode.c.h; path = TallyUpBridingHeader.h; sourceTree = "<group>"; };
		6A2DF0AB19D1CEAD004DC681 /* Goal.swift */ = {isa = PBXFileReference; fileEncoding = 4; lastKnownFileType = sourcecode.swift; path = Goal.swift; sourceTree = "<group>"; };
		6A2DF0AF19D1FBB0004DC681 /* GoalListViewController.swift */ = {isa = PBXFileReference; fileEncoding = 4; lastKnownFileType = sourcecode.swift; path = GoalListViewController.swift; sourceTree = "<group>"; };
		6A70520019CC6E7E00C3B778 /* TallyUp.app */ = {isa = PBXFileReference; explicitFileType = wrapper.application; includeInIndex = 0; path = TallyUp.app; sourceTree = BUILT_PRODUCTS_DIR; };
		6A70520419CC6E7E00C3B778 /* Info.plist */ = {isa = PBXFileReference; lastKnownFileType = text.plist.xml; path = Info.plist; sourceTree = "<group>"; };
		6A70520519CC6E7E00C3B778 /* AppDelegate.swift */ = {isa = PBXFileReference; lastKnownFileType = sourcecode.swift; path = AppDelegate.swift; sourceTree = "<group>"; };
		6A70520A19CC6E7E00C3B778 /* Base */ = {isa = PBXFileReference; lastKnownFileType = file.storyboard; name = Base; path = Base.lproj/Main.storyboard; sourceTree = "<group>"; };
		6A70520C19CC6E7E00C3B778 /* Images.xcassets */ = {isa = PBXFileReference; lastKnownFileType = folder.assetcatalog; path = Images.xcassets; sourceTree = "<group>"; };
		6A70520F19CC6E7E00C3B778 /* Base */ = {isa = PBXFileReference; lastKnownFileType = file.xib; name = Base; path = Base.lproj/LaunchScreen.xib; sourceTree = "<group>"; };
		6A70521519CC6E7E00C3B778 /* TallyUpTests.xctest */ = {isa = PBXFileReference; explicitFileType = wrapper.cfbundle; includeInIndex = 0; path = TallyUpTests.xctest; sourceTree = BUILT_PRODUCTS_DIR; };
		6A70521A19CC6E7E00C3B778 /* Info.plist */ = {isa = PBXFileReference; lastKnownFileType = text.plist.xml; path = Info.plist; sourceTree = "<group>"; };
		6A70521B19CC6E7E00C3B778 /* TallyUpTests.swift */ = {isa = PBXFileReference; lastKnownFileType = sourcecode.swift; path = TallyUpTests.swift; sourceTree = "<group>"; };
		82C4BEB73B5749F1BEE51C1B /* Pods.xcconfig */ = {isa = PBXFileReference; includeInIndex = 1; lastKnownFileType = text.xcconfig; name = Pods.xcconfig; path = Pods/Pods.xcconfig; sourceTree = "<group>"; };
/* End PBXFileReference section */

/* Begin PBXFrameworksBuildPhase section */
		6A7051FD19CC6E7E00C3B778 /* Frameworks */ = {
			isa = PBXFrameworksBuildPhase;
			buildActionMask = 2147483647;
			files = (
				6A5185849D0241B4B29F9610 /* libPods.a in Frameworks */,
			);
			runOnlyForDeploymentPostprocessing = 0;
		};
		6A70521219CC6E7E00C3B778 /* Frameworks */ = {
			isa = PBXFrameworksBuildPhase;
			buildActionMask = 2147483647;
			files = (
			);
			runOnlyForDeploymentPostprocessing = 0;
		};
/* End PBXFrameworksBuildPhase section */

/* Begin PBXGroup section */
		6A7051F719CC6E7E00C3B778 = {
			isa = PBXGroup;
			children = (
				6A70520219CC6E7E00C3B778 /* TallyUp */,
				6A70521819CC6E7E00C3B778 /* TallyUpTests */,
				6A70520119CC6E7E00C3B778 /* Products */,
				82C4BEB73B5749F1BEE51C1B /* Pods.xcconfig */,
				EBE22989BED84CD1A06201F8 /* Frameworks */,
			);
			sourceTree = "<group>";
		};
		6A70520119CC6E7E00C3B778 /* Products */ = {
			isa = PBXGroup;
			children = (
				6A70520019CC6E7E00C3B778 /* TallyUp.app */,
				6A70521519CC6E7E00C3B778 /* TallyUpTests.xctest */,
			);
			name = Products;
			sourceTree = "<group>";
		};
		6A70520219CC6E7E00C3B778 /* TallyUp */ = {
			isa = PBXGroup;
			children = (
				6A70520519CC6E7E00C3B778 /* AppDelegate.swift */,
				6A70520919CC6E7E00C3B778 /* Main.storyboard */,
				6A70520C19CC6E7E00C3B778 /* Images.xcassets */,
				6A70520E19CC6E7E00C3B778 /* LaunchScreen.xib */,
				6A70520319CC6E7E00C3B778 /* Supporting Files */,
				6A0FD62D19D19D4600D12306 /* GoalCell.swift */,
				6A2DF0AA19D1CE1F004DC681 /* TallyUpBridingHeader.h */,
				6A2DF0AB19D1CEAD004DC681 /* Goal.swift */,
				6A2DF0AF19D1FBB0004DC681 /* GoalListViewController.swift */,
			);
			path = TallyUp;
			sourceTree = "<group>";
		};
		6A70520319CC6E7E00C3B778 /* Supporting Files */ = {
			isa = PBXGroup;
			children = (
				6A70520419CC6E7E00C3B778 /* Info.plist */,
			);
			name = "Supporting Files";
			sourceTree = "<group>";
		};
		6A70521819CC6E7E00C3B778 /* TallyUpTests */ = {
			isa = PBXGroup;
			children = (
				6A70521B19CC6E7E00C3B778 /* TallyUpTests.swift */,
				6A70521919CC6E7E00C3B778 /* Supporting Files */,
			);
			path = TallyUpTests;
			sourceTree = "<group>";
		};
		6A70521919CC6E7E00C3B778 /* Supporting Files */ = {
			isa = PBXGroup;
			children = (
				6A70521A19CC6E7E00C3B778 /* Info.plist */,
			);
			name = "Supporting Files";
			sourceTree = "<group>";
		};
		EBE22989BED84CD1A06201F8 /* Frameworks */ = {
			isa = PBXGroup;
			children = (
				2F9CB928256D41DE9AE1646F /* libPods.a */,
			);
			name = Frameworks;
			sourceTree = "<group>";
		};
/* End PBXGroup section */

/* Begin PBXNativeTarget section */
		6A7051FF19CC6E7E00C3B778 /* TallyUp */ = {
			isa = PBXNativeTarget;
			buildConfigurationList = 6A70521F19CC6E7E00C3B778 /* Build configuration list for PBXNativeTarget "TallyUp" */;
			buildPhases = (
				738E935827CB4DC69AB4286F /* Check Pods Manifest.lock */,
				6A7051FC19CC6E7E00C3B778 /* Sources */,
				6A7051FD19CC6E7E00C3B778 /* Frameworks */,
				6A7051FE19CC6E7E00C3B778 /* Resources */,
				0CA3CE5609364342BF54A3B6 /* Copy Pods Resources */,
			);
			buildRules = (
			);
			dependencies = (
			);
			name = TallyUp;
			productName = TallyUp;
			productReference = 6A70520019CC6E7E00C3B778 /* TallyUp.app */;
			productType = "com.apple.product-type.application";
		};
		6A70521419CC6E7E00C3B778 /* TallyUpTests */ = {
			isa = PBXNativeTarget;
			buildConfigurationList = 6A70522219CC6E7E00C3B778 /* Build configuration list for PBXNativeTarget "TallyUpTests" */;
			buildPhases = (
				6A70521119CC6E7E00C3B778 /* Sources */,
				6A70521219CC6E7E00C3B778 /* Frameworks */,
				6A70521319CC6E7E00C3B778 /* Resources */,
			);
			buildRules = (
			);
			dependencies = (
				6A70521719CC6E7E00C3B778 /* PBXTargetDependency */,
			);
			name = TallyUpTests;
			productName = TallyUpTests;
			productReference = 6A70521519CC6E7E00C3B778 /* TallyUpTests.xctest */;
			productType = "com.apple.product-type.bundle.unit-test";
		};
/* End PBXNativeTarget section */

/* Begin PBXProject section */
		6A7051F819CC6E7E00C3B778 /* Project object */ = {
			isa = PBXProject;
			attributes = {
				LastUpgradeCheck = 0600;
				ORGANIZATIONNAME = "Tristan O'Neil";
				TargetAttributes = {
					6A7051FF19CC6E7E00C3B778 = {
						CreatedOnToolsVersion = 6.0.1;
						DevelopmentTeam = 74VGN8YGRP;
					};
					6A70521419CC6E7E00C3B778 = {
						CreatedOnToolsVersion = 6.0.1;
						TestTargetID = 6A7051FF19CC6E7E00C3B778;
					};
				};
			};
			buildConfigurationList = 6A7051FB19CC6E7E00C3B778 /* Build configuration list for PBXProject "TallyUp" */;
			compatibilityVersion = "Xcode 3.2";
			developmentRegion = English;
			hasScannedForEncodings = 0;
			knownRegions = (
				en,
				Base,
			);
			mainGroup = 6A7051F719CC6E7E00C3B778;
			productRefGroup = 6A70520119CC6E7E00C3B778 /* Products */;
			projectDirPath = "";
			projectRoot = "";
			targets = (
				6A7051FF19CC6E7E00C3B778 /* TallyUp */,
				6A70521419CC6E7E00C3B778 /* TallyUpTests */,
			);
		};
/* End PBXProject section */

/* Begin PBXResourcesBuildPhase section */
		6A7051FE19CC6E7E00C3B778 /* Resources */ = {
			isa = PBXResourcesBuildPhase;
			buildActionMask = 2147483647;
			files = (
				6A70520B19CC6E7E00C3B778 /* Main.storyboard in Resources */,
				6A70521019CC6E7E00C3B778 /* LaunchScreen.xib in Resources */,
				6A70520D19CC6E7E00C3B778 /* Images.xcassets in Resources */,
			);
			runOnlyForDeploymentPostprocessing = 0;
		};
		6A70521319CC6E7E00C3B778 /* Resources */ = {
			isa = PBXResourcesBuildPhase;
			buildActionMask = 2147483647;
			files = (
			);
			runOnlyForDeploymentPostprocessing = 0;
		};
/* End PBXResourcesBuildPhase section */

/* Begin PBXShellScriptBuildPhase section */
		0CA3CE5609364342BF54A3B6 /* Copy Pods Resources */ = {
			isa = PBXShellScriptBuildPhase;
			buildActionMask = 2147483647;
			files = (
			);
			inputPaths = (
			);
			name = "Copy Pods Resources";
			outputPaths = (
			);
			runOnlyForDeploymentPostprocessing = 0;
			shellPath = /bin/sh;
			shellScript = "\"${SRCROOT}/Pods/Pods-resources.sh\"\n";
			showEnvVarsInLog = 0;
		};
		738E935827CB4DC69AB4286F /* Check Pods Manifest.lock */ = {
			isa = PBXShellScriptBuildPhase;
			buildActionMask = 2147483647;
			files = (
			);
			inputPaths = (
			);
			name = "Check Pods Manifest.lock";
			outputPaths = (
			);
			runOnlyForDeploymentPostprocessing = 0;
			shellPath = /bin/sh;
			shellScript = "diff \"${PODS_ROOT}/../Podfile.lock\" \"${PODS_ROOT}/Manifest.lock\" > /dev/null\nif [[ $? != 0 ]] ; then\n    cat << EOM\nerror: The sandbox is not in sync with the Podfile.lock. Run 'pod install' or update your CocoaPods installation.\nEOM\n    exit 1\nfi\n";
			showEnvVarsInLog = 0;
		};
/* End PBXShellScriptBuildPhase section */

/* Begin PBXSourcesBuildPhase section */
		6A7051FC19CC6E7E00C3B778 /* Sources */ = {
			isa = PBXSourcesBuildPhase;
			buildActionMask = 2147483647;
			files = (
				6A2DF0AC19D1CEAD004DC681 /* Goal.swift in Sources */,
				6A2DF0B019D1FBB0004DC681 /* GoalListViewController.swift in Sources */,
				6A70520619CC6E7E00C3B778 /* AppDelegate.swift in Sources */,
				6A0FD62E19D19D4600D12306 /* GoalCell.swift in Sources */,
			);
			runOnlyForDeploymentPostprocessing = 0;
		};
		6A70521119CC6E7E00C3B778 /* Sources */ = {
			isa = PBXSourcesBuildPhase;
			buildActionMask = 2147483647;
			files = (
				6A70521C19CC6E7E00C3B778 /* TallyUpTests.swift in Sources */,
			);
			runOnlyForDeploymentPostprocessing = 0;
		};
/* End PBXSourcesBuildPhase section */

/* Begin PBXTargetDependency section */
		6A70521719CC6E7E00C3B778 /* PBXTargetDependency */ = {
			isa = PBXTargetDependency;
			target = 6A7051FF19CC6E7E00C3B778 /* TallyUp */;
			targetProxy = 6A70521619CC6E7E00C3B778 /* PBXContainerItemProxy */;
		};
/* End PBXTargetDependency section */

/* Begin PBXVariantGroup section */
		6A70520919CC6E7E00C3B778 /* Main.storyboard */ = {
			isa = PBXVariantGroup;
			children = (
				6A70520A19CC6E7E00C3B778 /* Base */,
			);
			name = Main.storyboard;
			sourceTree = "<group>";
		};
		6A70520E19CC6E7E00C3B778 /* LaunchScreen.xib */ = {
			isa = PBXVariantGroup;
			children = (
				6A70520F19CC6E7E00C3B778 /* Base */,
			);
			name = LaunchScreen.xib;
			sourceTree = "<group>";
		};
/* End PBXVariantGroup section */

/* Begin XCBuildConfiguration section */
		6A70521D19CC6E7E00C3B778 /* Debug */ = {
			isa = XCBuildConfiguration;
			buildSettings = {
				ALWAYS_SEARCH_USER_PATHS = NO;
				CLANG_CXX_LANGUAGE_STANDARD = "gnu++0x";
				CLANG_CXX_LIBRARY = "libc++";
				CLANG_ENABLE_MODULES = YES;
				CLANG_ENABLE_OBJC_ARC = YES;
				CLANG_WARN_BOOL_CONVERSION = YES;
				CLANG_WARN_CONSTANT_CONVERSION = YES;
				CLANG_WARN_DIRECT_OBJC_ISA_USAGE = YES_ERROR;
				CLANG_WARN_EMPTY_BODY = YES;
				CLANG_WARN_ENUM_CONVERSION = YES;
				CLANG_WARN_INT_CONVERSION = YES;
				CLANG_WARN_OBJC_ROOT_CLASS = YES_ERROR;
				CLANG_WARN_UNREACHABLE_CODE = YES;
				CLANG_WARN__DUPLICATE_METHOD_MATCH = YES;
				"CODE_SIGN_IDENTITY[sdk=iphoneos*]" = "iPhone Developer";
				COPY_PHASE_STRIP = NO;
				ENABLE_STRICT_OBJC_MSGSEND = YES;
				GCC_C_LANGUAGE_STANDARD = gnu99;
				GCC_DYNAMIC_NO_PIC = NO;
				GCC_OPTIMIZATION_LEVEL = 0;
				GCC_PREPROCESSOR_DEFINITIONS = (
					"DEBUG=1",
					"$(inherited)",
				);
				GCC_SYMBOLS_PRIVATE_EXTERN = NO;
				GCC_WARN_64_TO_32_BIT_CONVERSION = YES;
				GCC_WARN_ABOUT_RETURN_TYPE = YES_ERROR;
				GCC_WARN_UNDECLARED_SELECTOR = YES;
				GCC_WARN_UNINITIALIZED_AUTOS = YES_AGGRESSIVE;
				GCC_WARN_UNUSED_FUNCTION = YES;
				GCC_WARN_UNUSED_VARIABLE = YES;
				IPHONEOS_DEPLOYMENT_TARGET = 8.0;
				MTL_ENABLE_DEBUG_INFO = YES;
				ONLY_ACTIVE_ARCH = YES;
				SDKROOT = iphoneos;
				SWIFT_OPTIMIZATION_LEVEL = "-Onone";
				TARGETED_DEVICE_FAMILY = "1,2";
			};
			name = Debug;
		};
		6A70521E19CC6E7E00C3B778 /* Release */ = {
			isa = XCBuildConfiguration;
			buildSettings = {
				ALWAYS_SEARCH_USER_PATHS = NO;
				CLANG_CXX_LANGUAGE_STANDARD = "gnu++0x";
				CLANG_CXX_LIBRARY = "libc++";
				CLANG_ENABLE_MODULES = YES;
				CLANG_ENABLE_OBJC_ARC = YES;
				CLANG_WARN_BOOL_CONVERSION = YES;
				CLANG_WARN_CONSTANT_CONVERSION = YES;
				CLANG_WARN_DIRECT_OBJC_ISA_USAGE = YES_ERROR;
				CLANG_WARN_EMPTY_BODY = YES;
				CLANG_WARN_ENUM_CONVERSION = YES;
				CLANG_WARN_INT_CONVERSION = YES;
				CLANG_WARN_OBJC_ROOT_CLASS = YES_ERROR;
				CLANG_WARN_UNREACHABLE_CODE = YES;
				CLANG_WARN__DUPLICATE_METHOD_MATCH = YES;
				"CODE_SIGN_IDENTITY[sdk=iphoneos*]" = "iPhone Developer";
				COPY_PHASE_STRIP = YES;
				ENABLE_NS_ASSERTIONS = NO;
				ENABLE_STRICT_OBJC_MSGSEND = YES;
				GCC_C_LANGUAGE_STANDARD = gnu99;
				GCC_WARN_64_TO_32_BIT_CONVERSION = YES;
				GCC_WARN_ABOUT_RETURN_TYPE = YES_ERROR;
				GCC_WARN_UNDECLARED_SELECTOR = YES;
				GCC_WARN_UNINITIALIZED_AUTOS = YES_AGGRESSIVE;
				GCC_WARN_UNUSED_FUNCTION = YES;
				GCC_WARN_UNUSED_VARIABLE = YES;
				IPHONEOS_DEPLOYMENT_TARGET = 8.0;
				MTL_ENABLE_DEBUG_INFO = NO;
				SDKROOT = iphoneos;
				TARGETED_DEVICE_FAMILY = "1,2";
				VALIDATE_PRODUCT = YES;
			};
			name = Release;
		};
		6A70522019CC6E7E00C3B778 /* Debug */ = {
			isa = XCBuildConfiguration;
			baseConfigurationReference = 82C4BEB73B5749F1BEE51C1B /* Pods.xcconfig */;
			buildSettings = {
				ASSETCATALOG_COMPILER_APPICON_NAME = AppIcon;
				INFOPLIST_FILE = TallyUp/Info.plist;
				LD_RUNPATH_SEARCH_PATHS = "$(inherited) @executable_path/Frameworks";
				PRODUCT_NAME = "$(TARGET_NAME)";
				SWIFT_OBJC_BRIDGING_HEADER = TallyUp/TallyUpBridingHeader.h;
			};
			name = Debug;
		};
		6A70522119CC6E7E00C3B778 /* Release */ = {
			isa = XCBuildConfiguration;
			baseConfigurationReference = 82C4BEB73B5749F1BEE51C1B /* Pods.xcconfig */;
			buildSettings = {
				ASSETCATALOG_COMPILER_APPICON_NAME = AppIcon;
				INFOPLIST_FILE = TallyUp/Info.plist;
				LD_RUNPATH_SEARCH_PATHS = "$(inherited) @executable_path/Frameworks";
				PRODUCT_NAME = "$(TARGET_NAME)";
				"SWIFT_OBJC_BRIDGING_HEADER[arch=*]" = TallyUp/TallyUpBridingHeader.h;
			};
			name = Release;
		};
		6A70522319CC6E7E00C3B778 /* Debug */ = {
			isa = XCBuildConfiguration;
			buildSettings = {
				BUNDLE_LOADER = "$(TEST_HOST)";
				FRAMEWORK_SEARCH_PATHS = (
					"$(SDKROOT)/Developer/Library/Frameworks",
					"$(inherited)",
				);
				GCC_PREPROCESSOR_DEFINITIONS = (
					"DEBUG=1",
					"$(inherited)",
				);
				INFOPLIST_FILE = TallyUpTests/Info.plist;
				LD_RUNPATH_SEARCH_PATHS = "$(inherited) @executable_path/Frameworks @loader_path/Frameworks";
				PRODUCT_NAME = "$(TARGET_NAME)";
				TEST_HOST = "$(BUILT_PRODUCTS_DIR)/TallyUp.app/TallyUp";
			};
			name = Debug;
		};
		6A70522419CC6E7E00C3B778 /* Release */ = {
			isa = XCBuildConfiguration;
			buildSettings = {
				BUNDLE_LOADER = "$(TEST_HOST)";
				FRAMEWORK_SEARCH_PATHS = (
					"$(SDKROOT)/Developer/Library/Frameworks",
					"$(inherited)",
				);
				INFOPLIST_FILE = TallyUpTests/Info.plist;
				LD_RUNPATH_SEARCH_PATHS = "$(inherited) @executable_path/Frameworks @loader_path/Frameworks";
				PRODUCT_NAME = "$(TARGET_NAME)";
				TEST_HOST = "$(BUILT_PRODUCTS_DIR)/TallyUp.app/TallyUp";
			};
			name = Release;
		};
/* End XCBuildConfiguration section */

/* Begin XCConfigurationList section */
		6A7051FB19CC6E7E00C3B778 /* Build configuration list for PBXProject "TallyUp" */ = {
			isa = XCConfigurationList;
			buildConfigurations = (
				6A70521D19CC6E7E00C3B778 /* Debug */,
				6A70521E19CC6E7E00C3B778 /* Release */,
			);
			defaultConfigurationIsVisible = 0;
			defaultConfigurationName = Release;
		};
		6A70521F19CC6E7E00C3B778 /* Build configuration list for PBXNativeTarget "TallyUp" */ = {
			isa = XCConfigurationList;
			buildConfigurations = (
				6A70522019CC6E7E00C3B778 /* Debug */,
				6A70522119CC6E7E00C3B778 /* Release */,
			);
			defaultConfigurationIsVisible = 0;
			defaultConfigurationName = Release;
		};
		6A70522219CC6E7E00C3B778 /* Build configuration list for PBXNativeTarget "TallyUpTests" */ = {
			isa = XCConfigurationList;
			buildConfigurations = (
				6A70522319CC6E7E00C3B778 /* Debug */,
				6A70522419CC6E7E00C3B778 /* Release */,
			);
			defaultConfigurationIsVisible = 0;
			defaultConfigurationName = Release;
		};
/* End XCConfigurationList section */
	};
	rootObject = 6A7051F819CC6E7E00C3B778 /* Project object */;
}
